
Microsoft Visual Studio Solution File, Format Version 12.00
# Visual Studio Version 17
VisualStudioVersion = 17.2.32210.308
MinimumVisualStudioVersion = 10.0.40219.1
Project("{9A19103F-16F7-4668-BE54-9A1E7A4F7556}") = "protobuf-net.Grpc", "src\protobuf-net.Grpc\protobuf-net.Grpc.csproj", "{30D0874E-DA1A-497E-A181-37739A46CF32}"
EndProject
Project("{2150E333-8FDC-42A3-9474-1A3956D46DE8}") = "src", "src", "{3E0CF81A-BA7A-4AAB-B46D-5AC8E22B0644}"
	ProjectSection(SolutionItems) = preProject
		src\Directory.Build.props = src\Directory.Build.props
		src\protobuf-net.png = src\protobuf-net.png
	EndProjectSection
EndProject
Project("{2150E333-8FDC-42A3-9474-1A3956D46DE8}") = "examples", "examples", "{F7FAC6AD-62B0-4B79-98AA-DBD99F84E4E9}"
EndProject
Project("{2150E333-8FDC-42A3-9474-1A3956D46DE8}") = "grpc", "grpc", "{ABFDBC40-BB23-4E19-80C8-8ACC96671B63}"
EndProject
Project("{2150E333-8FDC-42A3-9474-1A3956D46DE8}") = "dotnet-grpc", "dotnet-grpc", "{BCE4682E-1594-4DEF-BC23-35E8571FD002}"
EndProject
Project("{2150E333-8FDC-42A3-9474-1A3956D46DE8}") = "pb-net-grpc", "pb-net-grpc", "{7F457A71-E0C6-4DB1-B692-56541CAEDB5A}"
EndProject
Project("{9A19103F-16F7-4668-BE54-9A1E7A4F7556}") = "Client_CS", "examples\pb-net-grpc\Client_CS\Client_CS.csproj", "{49DCEE29-B223-4FC1-8C8D-CD127A9AA8AE}"
EndProject
Project("{9A19103F-16F7-4668-BE54-9A1E7A4F7556}") = "Server_CS", "examples\pb-net-grpc\Server_CS\Server_CS.csproj", "{A2BEE4C0-241B-4959-92ED-D2FD743088BE}"
EndProject
Project("{2150E333-8FDC-42A3-9474-1A3956D46DE8}") = "config", "config", "{8D5FDB6F-6111-4604-8EDF-6A59F8B12D7E}"
	ProjectSection(SolutionItems) = preProject
		appveyor.yml = appveyor.yml
		Directory.build.props = Directory.build.props
		Directory.Build.targets = Directory.Build.targets
		global.json = global.json
		readme.md = readme.md
		version.json = version.json
	EndProjectSection
EndProject
Project("{9A19103F-16F7-4668-BE54-9A1E7A4F7556}") = "Shared_CS", "examples\pb-net-grpc\Shared_CS\Shared_CS.csproj", "{C170A4B4-618A-47AD-B805-ADDBF855F753}"
EndProject
Project("{778DAE3C-4631-46EA-AA77-85C1314464D9}") = "Shared_VB", "examples\pb-net-grpc\Shared_VB\Shared_VB.vbproj", "{1A32027C-600E-4E17-B597-A3F5F6104041}"
EndProject
Project("{778DAE3C-4631-46EA-AA77-85C1314464D9}") = "Client_VB", "examples\pb-net-grpc\Client_VB\Client_VB.vbproj", "{62FE32A0-A8C9-4D36-80F5-61D0C676B57A}"
EndProject
Project("{2150E333-8FDC-42A3-9474-1A3956D46DE8}") = "tests", "tests", "{0A84599D-2CE9-416E-888F-24652EEAB0B3}"
EndProject
Project("{9A19103F-16F7-4668-BE54-9A1E7A4F7556}") = "protobuf-net.Grpc.Test", "tests\protobuf-net.Grpc.Test\protobuf-net.Grpc.Test.csproj", "{0E369567-844A-4FB6-9B03-0D4491026E1F}"
EndProject
Project("{2150E333-8FDC-42A3-9474-1A3956D46DE8}") = "csharp", "csharp", "{0E7DB0D7-8BA2-428E-A51D-70AD589671D2}"
EndProject
Project("{2150E333-8FDC-42A3-9474-1A3956D46DE8}") = "visualbasic", "visualbasic", "{27A4932C-258D-48E6-8997-030407669CA0}"
EndProject
Project("{6EC3EE1D-3C4E-46DD-8F32-0CC8E7565705}") = "Shared_FS", "examples\pb-net-grpc\Shared_FS\Shared_FS.fsproj", "{2800EA3A-F862-4B4A-8886-AF224C3B7DE0}"
EndProject
Project("{2150E333-8FDC-42A3-9474-1A3956D46DE8}") = "fsharp", "fsharp", "{9081C1B9-4F7B-4855-A782-0246C52D6C17}"
EndProject
Project("{6EC3EE1D-3C4E-46DD-8F32-0CC8E7565705}") = "Client_FS", "examples\pb-net-grpc\Client_FS\Client_FS.fsproj", "{9DD7E118-A48B-493B-9760-3FB70E57F29A}"
EndProject
Project("{6EC3EE1D-3C4E-46DD-8F32-0CC8E7565705}") = "Server_FS", "examples\pb-net-grpc\Server_FS\Server_FS.fsproj", "{A617F9E1-30A5-43C1-9CE2-DCAAED8B505C}"
EndProject
Project("{778DAE3C-4631-46EA-AA77-85C1314464D9}") = "Server_VB", "examples\pb-net-grpc\Server_VB\Server_VB.vbproj", "{6F921BF0-D07F-4612-B789-D065AA2D4330}"
EndProject
Project("{9A19103F-16F7-4668-BE54-9A1E7A4F7556}") = "protobuf-net.Grpc.AspNetCore", "src\protobuf-net.Grpc.AspNetCore\protobuf-net.Grpc.AspNetCore.csproj", "{11B7FE9F-A16F-4FE8-BD25-F06162664352}"
EndProject
Project("{9A19103F-16F7-4668-BE54-9A1E7A4F7556}") = "PlayClient", "toys\PlayClient\PlayClient.csproj", "{F5F396F5-4A08-428D-9474-AE1A5DCB6F0D}"
EndProject
Project("{9A19103F-16F7-4668-BE54-9A1E7A4F7556}") = "PlayServer", "toys\PlayServer\PlayServer.csproj", "{2CE49266-E817-4A76-AF75-A6FEE03FB5A1}"
EndProject
Project("{9A19103F-16F7-4668-BE54-9A1E7A4F7556}") = "protobuf-net.Grpc.Native", "src\protobuf-net.Grpc.Native\protobuf-net.Grpc.Native.csproj", "{9642AE16-BCFA-4020-800C-AD6A469B89CE}"
EndProject
Project("{2150E333-8FDC-42A3-9474-1A3956D46DE8}") = "managed", "managed", "{39491A90-84A2-4E13-B867-CFC3D4592084}"
EndProject
Project("{2150E333-8FDC-42A3-9474-1A3956D46DE8}") = "native", "native", "{BE48D1A2-CE10-4AEE-B370-ED8E373B082B}"
EndProject
Project("{2150E333-8FDC-42A3-9474-1A3956D46DE8}") = "docs", "docs", "{6065C30D-7C5D-4C54-97B4-F407B56C7A89}"
	ProjectSection(SolutionItems) = preProject
		docs\configuration.md = docs\configuration.md
		docs\gettingstarted.md = docs\gettingstarted.md
		docs\index.md = docs\index.md
		docs\projects.md = docs\projects.md
		docs\releasenotes.md = docs\releasenotes.md
	EndProjectSection
EndProject
Project("{9A19103F-16F7-4668-BE54-9A1E7A4F7556}") = "Client", "examples\grpc\Client\Client.csproj", "{301A0DD5-0300-4B6B-BEE7-65DB6604DD2F}"
EndProject
Project("{9A19103F-16F7-4668-BE54-9A1E7A4F7556}") = "Server", "examples\grpc\Server\Server.csproj", "{A5D8E4BD-7204-4CF7-A323-F2F5A44659D9}"
EndProject
Project("{9A19103F-16F7-4668-BE54-9A1E7A4F7556}") = "Shared", "examples\grpc\Shared\Shared.csproj", "{60DE3EC7-9F53-4F9D-BE34-5C4FE3AB3D6C}"
EndProject
Project("{9A19103F-16F7-4668-BE54-9A1E7A4F7556}") = "DN_Client", "examples\dotnet-grpc\DN_Client\DN_Client.csproj", "{4347EFDD-AFF0-4E2C-A59E-87E0D0A075FE}"
EndProject
Project("{9A19103F-16F7-4668-BE54-9A1E7A4F7556}") = "DN_Server", "examples\dotnet-grpc\DN_Server\DN_Server.csproj", "{5FCF56BA-452C-4A83-AF45-5DA8A3ACB85E}"
EndProject
Project("{2150E333-8FDC-42A3-9474-1A3956D46DE8}") = "pb-net", "pb-net", "{A5B426B7-0F41-4555-A79B-882DADC78B9A}"
EndProject
Project("{9A19103F-16F7-4668-BE54-9A1E7A4F7556}") = "JustProtos", "examples\pb-net\JustProtos\JustProtos.csproj", "{2A130A8F-EF50-4668-A383-E72DA1BB0126}"
EndProject
Project("{9A19103F-16F7-4668-BE54-9A1E7A4F7556}") = "PerfServer", "examples\perf\PerfServer\PerfServer.csproj", "{419CBCB3-1FDC-4974-9F92-0E8BFEA3A7D7}"
EndProject
Project("{2150E333-8FDC-42A3-9474-1A3956D46DE8}") = "perf", "perf", "{6A3AC822-52E8-4AE2-8F71-385DF0D69891}"
EndProject
Project("{9A19103F-16F7-4668-BE54-9A1E7A4F7556}") = "PerfClient", "examples\perf\PerfClient\PerfClient.csproj", "{BCB98A08-8A05-41CA-B42F-9DBF3DB8D546}"
EndProject
Project("{9A19103F-16F7-4668-BE54-9A1E7A4F7556}") = "protobuf-net.Grpc.Test.Integration", "tests\protobuf-net.Grpc.Test.Integration\protobuf-net.Grpc.Test.Integration.csproj", "{7AF5B934-AEE9-4FD1-928D-AAE0F7098A32}"
EndProject
Project("{2150E333-8FDC-42A3-9474-1A3956D46DE8}") = "toys", "toys", "{0DD003CC-90E1-4938-98F0-8181949CD727}"
EndProject
Project("{9A19103F-16F7-4668-BE54-9A1E7A4F7556}") = "protobuf-net.Grpc.ClientFactory", "src\protobuf-net.Grpc.ClientFactory\protobuf-net.Grpc.ClientFactory.csproj", "{4A7D8244-D6B2-4DD3-A0F3-1BF716FB1A0B}"
EndProject
Project("{9A19103F-16F7-4668-BE54-9A1E7A4F7556}") = "protobuf-net.Grpc.Test.IntegrationUpLevel", "tests\protobuf-net.Grpc.Test.IntegrationUpLevel\protobuf-net.Grpc.Test.IntegrationUpLevel.csproj", "{B694ED60-93A4-4362-BBCF-4EA04B6F4660}"
EndProject
Project("{9A19103F-16F7-4668-BE54-9A1E7A4F7556}") = "protobuf-net.Grpc.Reflection", "src\protobuf-net.Grpc.Reflection\protobuf-net.Grpc.Reflection.csproj", "{B9DAC732-68C2-41AA-96D0-79FEDF181711}"
EndProject
Project("{9A19103F-16F7-4668-BE54-9A1E7A4F7556}") = "protobuf-net.Grpc.Reflection.Test", "tests\protobuf-net.Grpc.Reflection.Test\protobuf-net.Grpc.Reflection.Test.csproj", "{6F589BF3-221C-43AC-85A4-899599ABF6AC}"
EndProject
Project("{9A19103F-16F7-4668-BE54-9A1E7A4F7556}") = "protobuf-net.Grpc.AspNetCore.Reflection", "src\protobuf-net.Grpc.AspNetCore.Reflection\protobuf-net.Grpc.AspNetCore.Reflection.csproj", "{D884098C-35B2-4ACF-AFDF-8C0C01684A0E}"
EndProject
Project("{2150E333-8FDC-42A3-9474-1A3956D46DE8}") = "wcf-port", "wcf-port", "{3B62F12D-1AC1-4617-BD49-21DFFD694E70}"
	ProjectSection(SolutionItems) = preProject
		examples\wcf-port\README.md = examples\wcf-port\README.md
	EndProjectSection
EndProject
Project("{2150E333-8FDC-42A3-9474-1A3956D46DE8}") = "TraderSys", "TraderSys", "{2B3F5AED-24B3-4915-900E-EFC58414EA29}"
EndProject
Project("{2150E333-8FDC-42A3-9474-1A3956D46DE8}") = "SimpleStockTicker", "SimpleStockTicker", "{476D4E11-9779-4922-AF57-9ADCF44ED4C7}"
EndProject
Project("{2150E333-8FDC-42A3-9474-1A3956D46DE8}") = "FullStockTicker", "FullStockTicker", "{D020CB3F-DCB7-4A08-8D46-F2A60B564BE0}"
EndProject
Project("{9A19103F-16F7-4668-BE54-9A1E7A4F7556}") = "TraderSys.FullStockTicker.Shared", "examples\wcf-port\FullStockTicker\src\TraderSys.FullStockTicker.Shared\TraderSys.FullStockTicker.Shared.csproj", "{C7A3CCD4-7675-488A-BE11-29F193B7107E}"
EndProject
Project("{9A19103F-16F7-4668-BE54-9A1E7A4F7556}") = "TraderSys.FullStockTickerClientApp", "examples\wcf-port\FullStockTicker\src\TraderSys.FullStockTickerClientApp\TraderSys.FullStockTickerClientApp.csproj", "{F33650D8-B78F-4949-9FA0-1C5BB0BF0FDF}"
EndProject
Project("{9A19103F-16F7-4668-BE54-9A1E7A4F7556}") = "TraderSys.FullStockTickerServer", "examples\wcf-port\FullStockTicker\src\TraderSys.FullStockTickerServer\TraderSys.FullStockTickerServer.csproj", "{F915E6AC-9C15-4EE8-873C-22BD9B92D0C8}"
EndProject
Project("{9A19103F-16F7-4668-BE54-9A1E7A4F7556}") = "TraderSys.StockMarket", "examples\wcf-port\FullStockTicker\src\TraderSys.StockMarket\TraderSys.StockMarket.csproj", "{2E5B4757-24F6-415C-92FC-9E20B37214D9}"
EndProject
Project("{9A19103F-16F7-4668-BE54-9A1E7A4F7556}") = "TraderSys.SimpleStockTickerServer", "examples\wcf-port\SimpleStockTicker\src\TraderSys.SimpleStockTickerServer\TraderSys.SimpleStockTickerServer.csproj", "{817F0C4C-B477-4111-A635-FB6695DB3974}"
EndProject
Project("{9A19103F-16F7-4668-BE54-9A1E7A4F7556}") = "TraderSys.SimpleStockTickerServer.ClientConsole", "examples\wcf-port\SimpleStockTicker\src\TraderSys.SimpleStockTickerServer.ClientConsole\TraderSys.SimpleStockTickerServer.ClientConsole.csproj", "{F53E3432-4AC0-4597-B8C2-55201301ADF3}"
EndProject
Project("{9A19103F-16F7-4668-BE54-9A1E7A4F7556}") = "TraderSys.SimpleStockTickerServer.Shared", "examples\wcf-port\SimpleStockTicker\src\TraderSys.SimpleStockTickerServer.Shared\TraderSys.SimpleStockTickerServer.Shared.csproj", "{B384CB30-C505-4566-A040-C4BE5FC0C8C2}"
EndProject
Project("{9A19103F-16F7-4668-BE54-9A1E7A4F7556}") = "TraderSys.StockMarket", "examples\wcf-port\SimpleStockTicker\src\TraderSys.StockMarket\TraderSys.StockMarket.csproj", "{2CA1BF31-F89B-4651-8939-C031ADA0619B}"
EndProject
Project("{9A19103F-16F7-4668-BE54-9A1E7A4F7556}") = "TraderSys.PortfolioData", "examples\wcf-port\TraderSys\src\TraderSys.PortfolioData\TraderSys.PortfolioData.csproj", "{FB537B39-0E7B-4C69-84AD-5B747F66C192}"
EndProject
Project("{9A19103F-16F7-4668-BE54-9A1E7A4F7556}") = "TraderSys.Portfolios", "examples\wcf-port\TraderSys\src\TraderSys.Portfolios\TraderSys.Portfolios.csproj", "{87D27844-3A62-431A-9B53-92AFC09A1C3C}"
EndProject
Project("{9A19103F-16F7-4668-BE54-9A1E7A4F7556}") = "TraderSys.Portfolios.ClientConsole", "examples\wcf-port\TraderSys\src\TraderSys.Portfolios.ClientConsole\TraderSys.Portfolios.ClientConsole.csproj", "{AC65761B-5CF5-4F3E-AF60-41F977E8070D}"
EndProject
Project("{9A19103F-16F7-4668-BE54-9A1E7A4F7556}") = "TraderSys.Portfolios.Shared", "examples\wcf-port\TraderSys\src\TraderSys.Portfolios.Shared\TraderSys.Portfolios.Shared.csproj", "{80479131-FE55-473E-AE68-55601AD96668}"
EndProject
Project("{9A19103F-16F7-4668-BE54-9A1E7A4F7556}") = "protobuf-net.GrpcLite", "src\protobuf-net.GrpcLite\protobuf-net.GrpcLite.csproj", "{D6786AC8-1DEE-46BF-98AD-5B0A8F2179A5}"
EndProject
Project("{9A19103F-16F7-4668-BE54-9A1E7A4F7556}") = "protobuf-net.GrpcLite.Test", "tests\protobuf-net.GrpcLite.Test\protobuf-net.GrpcLite.Test.csproj", "{3C3B889B-1463-4948-9BC8-610FCFB62DA6}"
EndProject
Project("{9A19103F-16F7-4668-BE54-9A1E7A4F7556}") = "protobuf-net.GrpcLite.Pipelines", "src\protobuf-net.GrpcLite.Pipelines\protobuf-net.GrpcLite.Pipelines.csproj", "{7AF3BF8A-5C85-45DE-8AF5-14BA84D3EE9D}"
EndProject
Project("{9A19103F-16F7-4668-BE54-9A1E7A4F7556}") = "protobuf-net.GrpcLite.Runner", "tests\protobuf-net.GrpcLite.Runner\protobuf-net.GrpcLite.Runner.csproj", "{1D442B6C-D322-4E9A-B4D9-AAFD8B7E88D4}"
EndProject
Project("{9A19103F-16F7-4668-BE54-9A1E7A4F7556}") = "protobuf-net.GrpcLite.Server", "tests\protobuf-net.GrpcLite.Server\protobuf-net.GrpcLite.Server.csproj", "{C3F28797-9CC5-441B-A827-41D3381288D3}"
EndProject
Project("{2150E333-8FDC-42A3-9474-1A3956D46DE8}") = "GrpcLite", "GrpcLite", "{F8FA0032-82EF-4667-B626-5DED31CE327D}"
EndProject
Global
	GlobalSection(SolutionConfigurationPlatforms) = preSolution
		Debug|Any CPU = Debug|Any CPU
		Release|Any CPU = Release|Any CPU
		VS|Any CPU = VS|Any CPU
	EndGlobalSection
	GlobalSection(ProjectConfigurationPlatforms) = postSolution
		{30D0874E-DA1A-497E-A181-37739A46CF32}.Debug|Any CPU.ActiveCfg = Debug|Any CPU
		{30D0874E-DA1A-497E-A181-37739A46CF32}.Debug|Any CPU.Build.0 = Debug|Any CPU
		{30D0874E-DA1A-497E-A181-37739A46CF32}.Release|Any CPU.ActiveCfg = Release|Any CPU
		{30D0874E-DA1A-497E-A181-37739A46CF32}.Release|Any CPU.Build.0 = Release|Any CPU
		{30D0874E-DA1A-497E-A181-37739A46CF32}.VS|Any CPU.ActiveCfg = Debug|Any CPU
		{30D0874E-DA1A-497E-A181-37739A46CF32}.VS|Any CPU.Build.0 = Debug|Any CPU
		{49DCEE29-B223-4FC1-8C8D-CD127A9AA8AE}.Debug|Any CPU.ActiveCfg = Debug|Any CPU
		{49DCEE29-B223-4FC1-8C8D-CD127A9AA8AE}.Debug|Any CPU.Build.0 = Debug|Any CPU
		{49DCEE29-B223-4FC1-8C8D-CD127A9AA8AE}.Release|Any CPU.ActiveCfg = Release|Any CPU
		{49DCEE29-B223-4FC1-8C8D-CD127A9AA8AE}.Release|Any CPU.Build.0 = Release|Any CPU
		{49DCEE29-B223-4FC1-8C8D-CD127A9AA8AE}.VS|Any CPU.ActiveCfg = Debug|Any CPU
		{49DCEE29-B223-4FC1-8C8D-CD127A9AA8AE}.VS|Any CPU.Build.0 = Debug|Any CPU
		{A2BEE4C0-241B-4959-92ED-D2FD743088BE}.Debug|Any CPU.ActiveCfg = Debug|Any CPU
		{A2BEE4C0-241B-4959-92ED-D2FD743088BE}.Debug|Any CPU.Build.0 = Debug|Any CPU
		{A2BEE4C0-241B-4959-92ED-D2FD743088BE}.Release|Any CPU.ActiveCfg = Release|Any CPU
		{A2BEE4C0-241B-4959-92ED-D2FD743088BE}.Release|Any CPU.Build.0 = Release|Any CPU
		{A2BEE4C0-241B-4959-92ED-D2FD743088BE}.VS|Any CPU.ActiveCfg = Debug|Any CPU
		{A2BEE4C0-241B-4959-92ED-D2FD743088BE}.VS|Any CPU.Build.0 = Debug|Any CPU
		{C170A4B4-618A-47AD-B805-ADDBF855F753}.Debug|Any CPU.ActiveCfg = Debug|Any CPU
		{C170A4B4-618A-47AD-B805-ADDBF855F753}.Debug|Any CPU.Build.0 = Debug|Any CPU
		{C170A4B4-618A-47AD-B805-ADDBF855F753}.Release|Any CPU.ActiveCfg = Release|Any CPU
		{C170A4B4-618A-47AD-B805-ADDBF855F753}.Release|Any CPU.Build.0 = Release|Any CPU
		{C170A4B4-618A-47AD-B805-ADDBF855F753}.VS|Any CPU.ActiveCfg = Debug|Any CPU
		{C170A4B4-618A-47AD-B805-ADDBF855F753}.VS|Any CPU.Build.0 = Debug|Any CPU
		{1A32027C-600E-4E17-B597-A3F5F6104041}.Debug|Any CPU.ActiveCfg = Debug|Any CPU
		{1A32027C-600E-4E17-B597-A3F5F6104041}.Debug|Any CPU.Build.0 = Debug|Any CPU
		{1A32027C-600E-4E17-B597-A3F5F6104041}.Release|Any CPU.ActiveCfg = Release|Any CPU
		{1A32027C-600E-4E17-B597-A3F5F6104041}.Release|Any CPU.Build.0 = Release|Any CPU
		{1A32027C-600E-4E17-B597-A3F5F6104041}.VS|Any CPU.ActiveCfg = Debug|Any CPU
		{1A32027C-600E-4E17-B597-A3F5F6104041}.VS|Any CPU.Build.0 = Debug|Any CPU
		{62FE32A0-A8C9-4D36-80F5-61D0C676B57A}.Debug|Any CPU.ActiveCfg = Debug|Any CPU
		{62FE32A0-A8C9-4D36-80F5-61D0C676B57A}.Debug|Any CPU.Build.0 = Debug|Any CPU
		{62FE32A0-A8C9-4D36-80F5-61D0C676B57A}.Release|Any CPU.ActiveCfg = Release|Any CPU
		{62FE32A0-A8C9-4D36-80F5-61D0C676B57A}.Release|Any CPU.Build.0 = Release|Any CPU
		{62FE32A0-A8C9-4D36-80F5-61D0C676B57A}.VS|Any CPU.ActiveCfg = Debug|Any CPU
		{62FE32A0-A8C9-4D36-80F5-61D0C676B57A}.VS|Any CPU.Build.0 = Debug|Any CPU
		{0E369567-844A-4FB6-9B03-0D4491026E1F}.Debug|Any CPU.ActiveCfg = Debug|Any CPU
		{0E369567-844A-4FB6-9B03-0D4491026E1F}.Debug|Any CPU.Build.0 = Debug|Any CPU
		{0E369567-844A-4FB6-9B03-0D4491026E1F}.Release|Any CPU.ActiveCfg = Release|Any CPU
		{0E369567-844A-4FB6-9B03-0D4491026E1F}.Release|Any CPU.Build.0 = Release|Any CPU
		{0E369567-844A-4FB6-9B03-0D4491026E1F}.VS|Any CPU.ActiveCfg = Debug|Any CPU
		{0E369567-844A-4FB6-9B03-0D4491026E1F}.VS|Any CPU.Build.0 = Debug|Any CPU
		{2800EA3A-F862-4B4A-8886-AF224C3B7DE0}.Debug|Any CPU.ActiveCfg = Debug|Any CPU
		{2800EA3A-F862-4B4A-8886-AF224C3B7DE0}.Debug|Any CPU.Build.0 = Debug|Any CPU
		{2800EA3A-F862-4B4A-8886-AF224C3B7DE0}.Release|Any CPU.ActiveCfg = Release|Any CPU
		{2800EA3A-F862-4B4A-8886-AF224C3B7DE0}.Release|Any CPU.Build.0 = Release|Any CPU
		{2800EA3A-F862-4B4A-8886-AF224C3B7DE0}.VS|Any CPU.ActiveCfg = Debug|Any CPU
		{2800EA3A-F862-4B4A-8886-AF224C3B7DE0}.VS|Any CPU.Build.0 = Debug|Any CPU
		{9DD7E118-A48B-493B-9760-3FB70E57F29A}.Debug|Any CPU.ActiveCfg = Debug|Any CPU
		{9DD7E118-A48B-493B-9760-3FB70E57F29A}.Debug|Any CPU.Build.0 = Debug|Any CPU
		{9DD7E118-A48B-493B-9760-3FB70E57F29A}.Release|Any CPU.ActiveCfg = Release|Any CPU
		{9DD7E118-A48B-493B-9760-3FB70E57F29A}.Release|Any CPU.Build.0 = Release|Any CPU
		{9DD7E118-A48B-493B-9760-3FB70E57F29A}.VS|Any CPU.ActiveCfg = Debug|Any CPU
		{9DD7E118-A48B-493B-9760-3FB70E57F29A}.VS|Any CPU.Build.0 = Debug|Any CPU
		{A617F9E1-30A5-43C1-9CE2-DCAAED8B505C}.Debug|Any CPU.ActiveCfg = Debug|Any CPU
		{A617F9E1-30A5-43C1-9CE2-DCAAED8B505C}.Debug|Any CPU.Build.0 = Debug|Any CPU
		{A617F9E1-30A5-43C1-9CE2-DCAAED8B505C}.Release|Any CPU.ActiveCfg = Release|Any CPU
		{A617F9E1-30A5-43C1-9CE2-DCAAED8B505C}.Release|Any CPU.Build.0 = Release|Any CPU
		{A617F9E1-30A5-43C1-9CE2-DCAAED8B505C}.VS|Any CPU.ActiveCfg = Debug|Any CPU
		{A617F9E1-30A5-43C1-9CE2-DCAAED8B505C}.VS|Any CPU.Build.0 = Debug|Any CPU
		{6F921BF0-D07F-4612-B789-D065AA2D4330}.Debug|Any CPU.ActiveCfg = Debug|Any CPU
		{6F921BF0-D07F-4612-B789-D065AA2D4330}.Debug|Any CPU.Build.0 = Debug|Any CPU
		{6F921BF0-D07F-4612-B789-D065AA2D4330}.Release|Any CPU.ActiveCfg = Release|Any CPU
		{6F921BF0-D07F-4612-B789-D065AA2D4330}.Release|Any CPU.Build.0 = Release|Any CPU
		{6F921BF0-D07F-4612-B789-D065AA2D4330}.VS|Any CPU.ActiveCfg = Debug|Any CPU
		{6F921BF0-D07F-4612-B789-D065AA2D4330}.VS|Any CPU.Build.0 = Debug|Any CPU
		{11B7FE9F-A16F-4FE8-BD25-F06162664352}.Debug|Any CPU.ActiveCfg = Debug|Any CPU
		{11B7FE9F-A16F-4FE8-BD25-F06162664352}.Debug|Any CPU.Build.0 = Debug|Any CPU
		{11B7FE9F-A16F-4FE8-BD25-F06162664352}.Release|Any CPU.ActiveCfg = Release|Any CPU
		{11B7FE9F-A16F-4FE8-BD25-F06162664352}.Release|Any CPU.Build.0 = Release|Any CPU
		{11B7FE9F-A16F-4FE8-BD25-F06162664352}.VS|Any CPU.ActiveCfg = Debug|Any CPU
		{11B7FE9F-A16F-4FE8-BD25-F06162664352}.VS|Any CPU.Build.0 = Debug|Any CPU
		{F5F396F5-4A08-428D-9474-AE1A5DCB6F0D}.Debug|Any CPU.ActiveCfg = Debug|Any CPU
		{F5F396F5-4A08-428D-9474-AE1A5DCB6F0D}.Debug|Any CPU.Build.0 = Debug|Any CPU
		{F5F396F5-4A08-428D-9474-AE1A5DCB6F0D}.Release|Any CPU.ActiveCfg = Release|Any CPU
		{F5F396F5-4A08-428D-9474-AE1A5DCB6F0D}.Release|Any CPU.Build.0 = Release|Any CPU
		{F5F396F5-4A08-428D-9474-AE1A5DCB6F0D}.VS|Any CPU.ActiveCfg = Debug|Any CPU
		{F5F396F5-4A08-428D-9474-AE1A5DCB6F0D}.VS|Any CPU.Build.0 = Debug|Any CPU
		{2CE49266-E817-4A76-AF75-A6FEE03FB5A1}.Debug|Any CPU.ActiveCfg = Debug|Any CPU
		{2CE49266-E817-4A76-AF75-A6FEE03FB5A1}.Debug|Any CPU.Build.0 = Debug|Any CPU
		{2CE49266-E817-4A76-AF75-A6FEE03FB5A1}.Release|Any CPU.ActiveCfg = Release|Any CPU
		{2CE49266-E817-4A76-AF75-A6FEE03FB5A1}.Release|Any CPU.Build.0 = Release|Any CPU
		{2CE49266-E817-4A76-AF75-A6FEE03FB5A1}.VS|Any CPU.ActiveCfg = Debug|Any CPU
		{2CE49266-E817-4A76-AF75-A6FEE03FB5A1}.VS|Any CPU.Build.0 = Debug|Any CPU
		{9642AE16-BCFA-4020-800C-AD6A469B89CE}.Debug|Any CPU.ActiveCfg = Debug|Any CPU
		{9642AE16-BCFA-4020-800C-AD6A469B89CE}.Debug|Any CPU.Build.0 = Debug|Any CPU
		{9642AE16-BCFA-4020-800C-AD6A469B89CE}.Release|Any CPU.ActiveCfg = Release|Any CPU
		{9642AE16-BCFA-4020-800C-AD6A469B89CE}.Release|Any CPU.Build.0 = Release|Any CPU
		{9642AE16-BCFA-4020-800C-AD6A469B89CE}.VS|Any CPU.ActiveCfg = Debug|Any CPU
		{9642AE16-BCFA-4020-800C-AD6A469B89CE}.VS|Any CPU.Build.0 = Debug|Any CPU
		{301A0DD5-0300-4B6B-BEE7-65DB6604DD2F}.Debug|Any CPU.ActiveCfg = Debug|Any CPU
		{301A0DD5-0300-4B6B-BEE7-65DB6604DD2F}.Debug|Any CPU.Build.0 = Debug|Any CPU
		{301A0DD5-0300-4B6B-BEE7-65DB6604DD2F}.Release|Any CPU.ActiveCfg = Release|Any CPU
		{301A0DD5-0300-4B6B-BEE7-65DB6604DD2F}.Release|Any CPU.Build.0 = Release|Any CPU
		{301A0DD5-0300-4B6B-BEE7-65DB6604DD2F}.VS|Any CPU.ActiveCfg = Debug|Any CPU
		{301A0DD5-0300-4B6B-BEE7-65DB6604DD2F}.VS|Any CPU.Build.0 = Debug|Any CPU
		{A5D8E4BD-7204-4CF7-A323-F2F5A44659D9}.Debug|Any CPU.ActiveCfg = Debug|Any CPU
		{A5D8E4BD-7204-4CF7-A323-F2F5A44659D9}.Debug|Any CPU.Build.0 = Debug|Any CPU
		{A5D8E4BD-7204-4CF7-A323-F2F5A44659D9}.Release|Any CPU.ActiveCfg = Release|Any CPU
		{A5D8E4BD-7204-4CF7-A323-F2F5A44659D9}.Release|Any CPU.Build.0 = Release|Any CPU
		{A5D8E4BD-7204-4CF7-A323-F2F5A44659D9}.VS|Any CPU.ActiveCfg = Debug|Any CPU
		{A5D8E4BD-7204-4CF7-A323-F2F5A44659D9}.VS|Any CPU.Build.0 = Debug|Any CPU
		{60DE3EC7-9F53-4F9D-BE34-5C4FE3AB3D6C}.Debug|Any CPU.ActiveCfg = Debug|Any CPU
		{60DE3EC7-9F53-4F9D-BE34-5C4FE3AB3D6C}.Debug|Any CPU.Build.0 = Debug|Any CPU
		{60DE3EC7-9F53-4F9D-BE34-5C4FE3AB3D6C}.Release|Any CPU.ActiveCfg = Release|Any CPU
		{60DE3EC7-9F53-4F9D-BE34-5C4FE3AB3D6C}.Release|Any CPU.Build.0 = Release|Any CPU
		{60DE3EC7-9F53-4F9D-BE34-5C4FE3AB3D6C}.VS|Any CPU.ActiveCfg = Debug|Any CPU
		{60DE3EC7-9F53-4F9D-BE34-5C4FE3AB3D6C}.VS|Any CPU.Build.0 = Debug|Any CPU
		{4347EFDD-AFF0-4E2C-A59E-87E0D0A075FE}.Debug|Any CPU.ActiveCfg = Debug|Any CPU
		{4347EFDD-AFF0-4E2C-A59E-87E0D0A075FE}.Debug|Any CPU.Build.0 = Debug|Any CPU
		{4347EFDD-AFF0-4E2C-A59E-87E0D0A075FE}.Release|Any CPU.ActiveCfg = Release|Any CPU
		{4347EFDD-AFF0-4E2C-A59E-87E0D0A075FE}.Release|Any CPU.Build.0 = Release|Any CPU
		{4347EFDD-AFF0-4E2C-A59E-87E0D0A075FE}.VS|Any CPU.ActiveCfg = Debug|Any CPU
		{4347EFDD-AFF0-4E2C-A59E-87E0D0A075FE}.VS|Any CPU.Build.0 = Debug|Any CPU
		{5FCF56BA-452C-4A83-AF45-5DA8A3ACB85E}.Debug|Any CPU.ActiveCfg = Debug|Any CPU
		{5FCF56BA-452C-4A83-AF45-5DA8A3ACB85E}.Debug|Any CPU.Build.0 = Debug|Any CPU
		{5FCF56BA-452C-4A83-AF45-5DA8A3ACB85E}.Release|Any CPU.ActiveCfg = Release|Any CPU
		{5FCF56BA-452C-4A83-AF45-5DA8A3ACB85E}.Release|Any CPU.Build.0 = Release|Any CPU
		{5FCF56BA-452C-4A83-AF45-5DA8A3ACB85E}.VS|Any CPU.ActiveCfg = Debug|Any CPU
		{5FCF56BA-452C-4A83-AF45-5DA8A3ACB85E}.VS|Any CPU.Build.0 = Debug|Any CPU
		{2A130A8F-EF50-4668-A383-E72DA1BB0126}.Debug|Any CPU.ActiveCfg = Debug|Any CPU
		{2A130A8F-EF50-4668-A383-E72DA1BB0126}.Debug|Any CPU.Build.0 = Debug|Any CPU
		{2A130A8F-EF50-4668-A383-E72DA1BB0126}.Release|Any CPU.ActiveCfg = Release|Any CPU
		{2A130A8F-EF50-4668-A383-E72DA1BB0126}.Release|Any CPU.Build.0 = Release|Any CPU
		{2A130A8F-EF50-4668-A383-E72DA1BB0126}.VS|Any CPU.ActiveCfg = Debug|Any CPU
		{2A130A8F-EF50-4668-A383-E72DA1BB0126}.VS|Any CPU.Build.0 = Debug|Any CPU
		{419CBCB3-1FDC-4974-9F92-0E8BFEA3A7D7}.Debug|Any CPU.ActiveCfg = Debug|Any CPU
		{419CBCB3-1FDC-4974-9F92-0E8BFEA3A7D7}.Debug|Any CPU.Build.0 = Debug|Any CPU
		{419CBCB3-1FDC-4974-9F92-0E8BFEA3A7D7}.Release|Any CPU.ActiveCfg = Release|Any CPU
		{419CBCB3-1FDC-4974-9F92-0E8BFEA3A7D7}.Release|Any CPU.Build.0 = Release|Any CPU
		{419CBCB3-1FDC-4974-9F92-0E8BFEA3A7D7}.VS|Any CPU.ActiveCfg = Debug|Any CPU
		{419CBCB3-1FDC-4974-9F92-0E8BFEA3A7D7}.VS|Any CPU.Build.0 = Debug|Any CPU
		{BCB98A08-8A05-41CA-B42F-9DBF3DB8D546}.Debug|Any CPU.ActiveCfg = Debug|Any CPU
		{BCB98A08-8A05-41CA-B42F-9DBF3DB8D546}.Debug|Any CPU.Build.0 = Debug|Any CPU
		{BCB98A08-8A05-41CA-B42F-9DBF3DB8D546}.Release|Any CPU.ActiveCfg = Release|Any CPU
		{BCB98A08-8A05-41CA-B42F-9DBF3DB8D546}.Release|Any CPU.Build.0 = Release|Any CPU
		{BCB98A08-8A05-41CA-B42F-9DBF3DB8D546}.VS|Any CPU.ActiveCfg = Debug|Any CPU
		{BCB98A08-8A05-41CA-B42F-9DBF3DB8D546}.VS|Any CPU.Build.0 = Debug|Any CPU
		{7AF5B934-AEE9-4FD1-928D-AAE0F7098A32}.Debug|Any CPU.ActiveCfg = Debug|Any CPU
		{7AF5B934-AEE9-4FD1-928D-AAE0F7098A32}.Debug|Any CPU.Build.0 = Debug|Any CPU
		{7AF5B934-AEE9-4FD1-928D-AAE0F7098A32}.Release|Any CPU.ActiveCfg = Release|Any CPU
		{7AF5B934-AEE9-4FD1-928D-AAE0F7098A32}.Release|Any CPU.Build.0 = Release|Any CPU
		{7AF5B934-AEE9-4FD1-928D-AAE0F7098A32}.VS|Any CPU.ActiveCfg = Debug|Any CPU
		{7AF5B934-AEE9-4FD1-928D-AAE0F7098A32}.VS|Any CPU.Build.0 = Debug|Any CPU
		{4A7D8244-D6B2-4DD3-A0F3-1BF716FB1A0B}.Debug|Any CPU.ActiveCfg = Debug|Any CPU
		{4A7D8244-D6B2-4DD3-A0F3-1BF716FB1A0B}.Debug|Any CPU.Build.0 = Debug|Any CPU
		{4A7D8244-D6B2-4DD3-A0F3-1BF716FB1A0B}.Release|Any CPU.ActiveCfg = Release|Any CPU
		{4A7D8244-D6B2-4DD3-A0F3-1BF716FB1A0B}.Release|Any CPU.Build.0 = Release|Any CPU
		{4A7D8244-D6B2-4DD3-A0F3-1BF716FB1A0B}.VS|Any CPU.ActiveCfg = Debug|Any CPU
		{4A7D8244-D6B2-4DD3-A0F3-1BF716FB1A0B}.VS|Any CPU.Build.0 = Debug|Any CPU
		{B694ED60-93A4-4362-BBCF-4EA04B6F4660}.Debug|Any CPU.ActiveCfg = Debug|Any CPU
		{B694ED60-93A4-4362-BBCF-4EA04B6F4660}.Debug|Any CPU.Build.0 = Debug|Any CPU
		{B694ED60-93A4-4362-BBCF-4EA04B6F4660}.Release|Any CPU.ActiveCfg = Release|Any CPU
		{B694ED60-93A4-4362-BBCF-4EA04B6F4660}.Release|Any CPU.Build.0 = Release|Any CPU
		{B694ED60-93A4-4362-BBCF-4EA04B6F4660}.VS|Any CPU.ActiveCfg = Debug|Any CPU
		{B694ED60-93A4-4362-BBCF-4EA04B6F4660}.VS|Any CPU.Build.0 = Debug|Any CPU
		{B9DAC732-68C2-41AA-96D0-79FEDF181711}.Debug|Any CPU.ActiveCfg = Debug|Any CPU
		{B9DAC732-68C2-41AA-96D0-79FEDF181711}.Debug|Any CPU.Build.0 = Debug|Any CPU
		{B9DAC732-68C2-41AA-96D0-79FEDF181711}.Release|Any CPU.ActiveCfg = Release|Any CPU
		{B9DAC732-68C2-41AA-96D0-79FEDF181711}.Release|Any CPU.Build.0 = Release|Any CPU
		{B9DAC732-68C2-41AA-96D0-79FEDF181711}.VS|Any CPU.ActiveCfg = Debug|Any CPU
		{B9DAC732-68C2-41AA-96D0-79FEDF181711}.VS|Any CPU.Build.0 = Debug|Any CPU
		{6F589BF3-221C-43AC-85A4-899599ABF6AC}.Debug|Any CPU.ActiveCfg = Debug|Any CPU
		{6F589BF3-221C-43AC-85A4-899599ABF6AC}.Debug|Any CPU.Build.0 = Debug|Any CPU
		{6F589BF3-221C-43AC-85A4-899599ABF6AC}.Release|Any CPU.ActiveCfg = Release|Any CPU
		{6F589BF3-221C-43AC-85A4-899599ABF6AC}.Release|Any CPU.Build.0 = Release|Any CPU
		{6F589BF3-221C-43AC-85A4-899599ABF6AC}.VS|Any CPU.ActiveCfg = Debug|Any CPU
		{6F589BF3-221C-43AC-85A4-899599ABF6AC}.VS|Any CPU.Build.0 = Debug|Any CPU
		{D884098C-35B2-4ACF-AFDF-8C0C01684A0E}.Debug|Any CPU.ActiveCfg = Debug|Any CPU
		{D884098C-35B2-4ACF-AFDF-8C0C01684A0E}.Debug|Any CPU.Build.0 = Debug|Any CPU
		{D884098C-35B2-4ACF-AFDF-8C0C01684A0E}.Release|Any CPU.ActiveCfg = Release|Any CPU
		{D884098C-35B2-4ACF-AFDF-8C0C01684A0E}.Release|Any CPU.Build.0 = Release|Any CPU
		{D884098C-35B2-4ACF-AFDF-8C0C01684A0E}.VS|Any CPU.ActiveCfg = Debug|Any CPU
		{D884098C-35B2-4ACF-AFDF-8C0C01684A0E}.VS|Any CPU.Build.0 = Debug|Any CPU
		{C7A3CCD4-7675-488A-BE11-29F193B7107E}.Debug|Any CPU.ActiveCfg = Debug|Any CPU
		{C7A3CCD4-7675-488A-BE11-29F193B7107E}.Debug|Any CPU.Build.0 = Debug|Any CPU
		{C7A3CCD4-7675-488A-BE11-29F193B7107E}.Release|Any CPU.ActiveCfg = Release|Any CPU
		{C7A3CCD4-7675-488A-BE11-29F193B7107E}.Release|Any CPU.Build.0 = Release|Any CPU
		{C7A3CCD4-7675-488A-BE11-29F193B7107E}.VS|Any CPU.ActiveCfg = Debug|Any CPU
		{C7A3CCD4-7675-488A-BE11-29F193B7107E}.VS|Any CPU.Build.0 = Debug|Any CPU
		{F33650D8-B78F-4949-9FA0-1C5BB0BF0FDF}.Debug|Any CPU.ActiveCfg = Debug|Any CPU
		{F33650D8-B78F-4949-9FA0-1C5BB0BF0FDF}.Debug|Any CPU.Build.0 = Debug|Any CPU
		{F33650D8-B78F-4949-9FA0-1C5BB0BF0FDF}.Release|Any CPU.ActiveCfg = Release|Any CPU
		{F33650D8-B78F-4949-9FA0-1C5BB0BF0FDF}.Release|Any CPU.Build.0 = Release|Any CPU
		{F33650D8-B78F-4949-9FA0-1C5BB0BF0FDF}.VS|Any CPU.ActiveCfg = Debug|Any CPU
		{F33650D8-B78F-4949-9FA0-1C5BB0BF0FDF}.VS|Any CPU.Build.0 = Debug|Any CPU
		{F915E6AC-9C15-4EE8-873C-22BD9B92D0C8}.Debug|Any CPU.ActiveCfg = Debug|Any CPU
		{F915E6AC-9C15-4EE8-873C-22BD9B92D0C8}.Debug|Any CPU.Build.0 = Debug|Any CPU
		{F915E6AC-9C15-4EE8-873C-22BD9B92D0C8}.Release|Any CPU.ActiveCfg = Release|Any CPU
		{F915E6AC-9C15-4EE8-873C-22BD9B92D0C8}.Release|Any CPU.Build.0 = Release|Any CPU
		{F915E6AC-9C15-4EE8-873C-22BD9B92D0C8}.VS|Any CPU.ActiveCfg = Debug|Any CPU
		{F915E6AC-9C15-4EE8-873C-22BD9B92D0C8}.VS|Any CPU.Build.0 = Debug|Any CPU
		{2E5B4757-24F6-415C-92FC-9E20B37214D9}.Debug|Any CPU.ActiveCfg = Debug|Any CPU
		{2E5B4757-24F6-415C-92FC-9E20B37214D9}.Debug|Any CPU.Build.0 = Debug|Any CPU
		{2E5B4757-24F6-415C-92FC-9E20B37214D9}.Release|Any CPU.ActiveCfg = Release|Any CPU
		{2E5B4757-24F6-415C-92FC-9E20B37214D9}.Release|Any CPU.Build.0 = Release|Any CPU
		{2E5B4757-24F6-415C-92FC-9E20B37214D9}.VS|Any CPU.ActiveCfg = Debug|Any CPU
		{2E5B4757-24F6-415C-92FC-9E20B37214D9}.VS|Any CPU.Build.0 = Debug|Any CPU
		{817F0C4C-B477-4111-A635-FB6695DB3974}.Debug|Any CPU.ActiveCfg = Debug|Any CPU
		{817F0C4C-B477-4111-A635-FB6695DB3974}.Debug|Any CPU.Build.0 = Debug|Any CPU
		{817F0C4C-B477-4111-A635-FB6695DB3974}.Release|Any CPU.ActiveCfg = Release|Any CPU
		{817F0C4C-B477-4111-A635-FB6695DB3974}.Release|Any CPU.Build.0 = Release|Any CPU
		{817F0C4C-B477-4111-A635-FB6695DB3974}.VS|Any CPU.ActiveCfg = Debug|Any CPU
		{817F0C4C-B477-4111-A635-FB6695DB3974}.VS|Any CPU.Build.0 = Debug|Any CPU
		{F53E3432-4AC0-4597-B8C2-55201301ADF3}.Debug|Any CPU.ActiveCfg = Debug|Any CPU
		{F53E3432-4AC0-4597-B8C2-55201301ADF3}.Debug|Any CPU.Build.0 = Debug|Any CPU
		{F53E3432-4AC0-4597-B8C2-55201301ADF3}.Release|Any CPU.ActiveCfg = Release|Any CPU
		{F53E3432-4AC0-4597-B8C2-55201301ADF3}.Release|Any CPU.Build.0 = Release|Any CPU
		{F53E3432-4AC0-4597-B8C2-55201301ADF3}.VS|Any CPU.ActiveCfg = Debug|Any CPU
		{F53E3432-4AC0-4597-B8C2-55201301ADF3}.VS|Any CPU.Build.0 = Debug|Any CPU
		{B384CB30-C505-4566-A040-C4BE5FC0C8C2}.Debug|Any CPU.ActiveCfg = Debug|Any CPU
		{B384CB30-C505-4566-A040-C4BE5FC0C8C2}.Debug|Any CPU.Build.0 = Debug|Any CPU
		{B384CB30-C505-4566-A040-C4BE5FC0C8C2}.Release|Any CPU.ActiveCfg = Release|Any CPU
		{B384CB30-C505-4566-A040-C4BE5FC0C8C2}.Release|Any CPU.Build.0 = Release|Any CPU
		{B384CB30-C505-4566-A040-C4BE5FC0C8C2}.VS|Any CPU.ActiveCfg = Debug|Any CPU
		{B384CB30-C505-4566-A040-C4BE5FC0C8C2}.VS|Any CPU.Build.0 = Debug|Any CPU
		{2CA1BF31-F89B-4651-8939-C031ADA0619B}.Debug|Any CPU.ActiveCfg = Debug|Any CPU
		{2CA1BF31-F89B-4651-8939-C031ADA0619B}.Debug|Any CPU.Build.0 = Debug|Any CPU
		{2CA1BF31-F89B-4651-8939-C031ADA0619B}.Release|Any CPU.ActiveCfg = Release|Any CPU
		{2CA1BF31-F89B-4651-8939-C031ADA0619B}.Release|Any CPU.Build.0 = Release|Any CPU
		{2CA1BF31-F89B-4651-8939-C031ADA0619B}.VS|Any CPU.ActiveCfg = Debug|Any CPU
		{2CA1BF31-F89B-4651-8939-C031ADA0619B}.VS|Any CPU.Build.0 = Debug|Any CPU
		{FB537B39-0E7B-4C69-84AD-5B747F66C192}.Debug|Any CPU.ActiveCfg = Debug|Any CPU
		{FB537B39-0E7B-4C69-84AD-5B747F66C192}.Debug|Any CPU.Build.0 = Debug|Any CPU
		{FB537B39-0E7B-4C69-84AD-5B747F66C192}.Release|Any CPU.ActiveCfg = Release|Any CPU
		{FB537B39-0E7B-4C69-84AD-5B747F66C192}.Release|Any CPU.Build.0 = Release|Any CPU
		{FB537B39-0E7B-4C69-84AD-5B747F66C192}.VS|Any CPU.ActiveCfg = Debug|Any CPU
		{FB537B39-0E7B-4C69-84AD-5B747F66C192}.VS|Any CPU.Build.0 = Debug|Any CPU
		{87D27844-3A62-431A-9B53-92AFC09A1C3C}.Debug|Any CPU.ActiveCfg = Debug|Any CPU
		{87D27844-3A62-431A-9B53-92AFC09A1C3C}.Debug|Any CPU.Build.0 = Debug|Any CPU
		{87D27844-3A62-431A-9B53-92AFC09A1C3C}.Release|Any CPU.ActiveCfg = Release|Any CPU
		{87D27844-3A62-431A-9B53-92AFC09A1C3C}.Release|Any CPU.Build.0 = Release|Any CPU
		{87D27844-3A62-431A-9B53-92AFC09A1C3C}.VS|Any CPU.ActiveCfg = Debug|Any CPU
		{87D27844-3A62-431A-9B53-92AFC09A1C3C}.VS|Any CPU.Build.0 = Debug|Any CPU
		{AC65761B-5CF5-4F3E-AF60-41F977E8070D}.Debug|Any CPU.ActiveCfg = Debug|Any CPU
		{AC65761B-5CF5-4F3E-AF60-41F977E8070D}.Debug|Any CPU.Build.0 = Debug|Any CPU
		{AC65761B-5CF5-4F3E-AF60-41F977E8070D}.Release|Any CPU.ActiveCfg = Release|Any CPU
		{AC65761B-5CF5-4F3E-AF60-41F977E8070D}.Release|Any CPU.Build.0 = Release|Any CPU
		{AC65761B-5CF5-4F3E-AF60-41F977E8070D}.VS|Any CPU.ActiveCfg = Debug|Any CPU
		{AC65761B-5CF5-4F3E-AF60-41F977E8070D}.VS|Any CPU.Build.0 = Debug|Any CPU
		{80479131-FE55-473E-AE68-55601AD96668}.Debug|Any CPU.ActiveCfg = Debug|Any CPU
		{80479131-FE55-473E-AE68-55601AD96668}.Debug|Any CPU.Build.0 = Debug|Any CPU
		{80479131-FE55-473E-AE68-55601AD96668}.Release|Any CPU.ActiveCfg = Release|Any CPU
		{80479131-FE55-473E-AE68-55601AD96668}.Release|Any CPU.Build.0 = Release|Any CPU
		{80479131-FE55-473E-AE68-55601AD96668}.VS|Any CPU.ActiveCfg = Debug|Any CPU
		{80479131-FE55-473E-AE68-55601AD96668}.VS|Any CPU.Build.0 = Debug|Any CPU
		{D6786AC8-1DEE-46BF-98AD-5B0A8F2179A5}.Debug|Any CPU.ActiveCfg = Debug|Any CPU
		{D6786AC8-1DEE-46BF-98AD-5B0A8F2179A5}.Debug|Any CPU.Build.0 = Debug|Any CPU
		{D6786AC8-1DEE-46BF-98AD-5B0A8F2179A5}.Release|Any CPU.ActiveCfg = Release|Any CPU
		{D6786AC8-1DEE-46BF-98AD-5B0A8F2179A5}.Release|Any CPU.Build.0 = Release|Any CPU
		{D6786AC8-1DEE-46BF-98AD-5B0A8F2179A5}.VS|Any CPU.ActiveCfg = Debug|Any CPU
		{D6786AC8-1DEE-46BF-98AD-5B0A8F2179A5}.VS|Any CPU.Build.0 = Debug|Any CPU
		{3C3B889B-1463-4948-9BC8-610FCFB62DA6}.Debug|Any CPU.ActiveCfg = Debug|Any CPU
		{3C3B889B-1463-4948-9BC8-610FCFB62DA6}.Debug|Any CPU.Build.0 = Debug|Any CPU
		{3C3B889B-1463-4948-9BC8-610FCFB62DA6}.Release|Any CPU.ActiveCfg = Release|Any CPU
		{3C3B889B-1463-4948-9BC8-610FCFB62DA6}.Release|Any CPU.Build.0 = Release|Any CPU
		{3C3B889B-1463-4948-9BC8-610FCFB62DA6}.VS|Any CPU.ActiveCfg = Debug|Any CPU
		{3C3B889B-1463-4948-9BC8-610FCFB62DA6}.VS|Any CPU.Build.0 = Debug|Any CPU
		{7AF3BF8A-5C85-45DE-8AF5-14BA84D3EE9D}.Debug|Any CPU.ActiveCfg = Debug|Any CPU
		{7AF3BF8A-5C85-45DE-8AF5-14BA84D3EE9D}.Debug|Any CPU.Build.0 = Debug|Any CPU
		{7AF3BF8A-5C85-45DE-8AF5-14BA84D3EE9D}.Release|Any CPU.ActiveCfg = Release|Any CPU
		{7AF3BF8A-5C85-45DE-8AF5-14BA84D3EE9D}.Release|Any CPU.Build.0 = Release|Any CPU
		{7AF3BF8A-5C85-45DE-8AF5-14BA84D3EE9D}.VS|Any CPU.ActiveCfg = Debug|Any CPU
		{7AF3BF8A-5C85-45DE-8AF5-14BA84D3EE9D}.VS|Any CPU.Build.0 = Debug|Any CPU
		{1D442B6C-D322-4E9A-B4D9-AAFD8B7E88D4}.Debug|Any CPU.ActiveCfg = Debug|Any CPU
		{1D442B6C-D322-4E9A-B4D9-AAFD8B7E88D4}.Debug|Any CPU.Build.0 = Debug|Any CPU
		{1D442B6C-D322-4E9A-B4D9-AAFD8B7E88D4}.Release|Any CPU.ActiveCfg = Release|Any CPU
		{1D442B6C-D322-4E9A-B4D9-AAFD8B7E88D4}.Release|Any CPU.Build.0 = Release|Any CPU
		{1D442B6C-D322-4E9A-B4D9-AAFD8B7E88D4}.VS|Any CPU.ActiveCfg = Debug|Any CPU
		{1D442B6C-D322-4E9A-B4D9-AAFD8B7E88D4}.VS|Any CPU.Build.0 = Debug|Any CPU
		{C3F28797-9CC5-441B-A827-41D3381288D3}.Debug|Any CPU.ActiveCfg = Debug|Any CPU
		{C3F28797-9CC5-441B-A827-41D3381288D3}.Debug|Any CPU.Build.0 = Debug|Any CPU
		{C3F28797-9CC5-441B-A827-41D3381288D3}.Release|Any CPU.ActiveCfg = Release|Any CPU
		{C3F28797-9CC5-441B-A827-41D3381288D3}.Release|Any CPU.Build.0 = Release|Any CPU
		{C3F28797-9CC5-441B-A827-41D3381288D3}.VS|Any CPU.ActiveCfg = Debug|Any CPU
		{C3F28797-9CC5-441B-A827-41D3381288D3}.VS|Any CPU.Build.0 = Debug|Any CPU
	EndGlobalSection
	GlobalSection(SolutionProperties) = preSolution
		HideSolutionNode = FALSE
	EndGlobalSection
	GlobalSection(NestedProjects) = preSolution
		{30D0874E-DA1A-497E-A181-37739A46CF32} = {3E0CF81A-BA7A-4AAB-B46D-5AC8E22B0644}
		{ABFDBC40-BB23-4E19-80C8-8ACC96671B63} = {F7FAC6AD-62B0-4B79-98AA-DBD99F84E4E9}
		{BCE4682E-1594-4DEF-BC23-35E8571FD002} = {F7FAC6AD-62B0-4B79-98AA-DBD99F84E4E9}
		{7F457A71-E0C6-4DB1-B692-56541CAEDB5A} = {F7FAC6AD-62B0-4B79-98AA-DBD99F84E4E9}
		{49DCEE29-B223-4FC1-8C8D-CD127A9AA8AE} = {0E7DB0D7-8BA2-428E-A51D-70AD589671D2}
		{A2BEE4C0-241B-4959-92ED-D2FD743088BE} = {0E7DB0D7-8BA2-428E-A51D-70AD589671D2}
		{C170A4B4-618A-47AD-B805-ADDBF855F753} = {0E7DB0D7-8BA2-428E-A51D-70AD589671D2}
		{1A32027C-600E-4E17-B597-A3F5F6104041} = {27A4932C-258D-48E6-8997-030407669CA0}
		{62FE32A0-A8C9-4D36-80F5-61D0C676B57A} = {27A4932C-258D-48E6-8997-030407669CA0}
		{0E369567-844A-4FB6-9B03-0D4491026E1F} = {0A84599D-2CE9-416E-888F-24652EEAB0B3}
		{0E7DB0D7-8BA2-428E-A51D-70AD589671D2} = {7F457A71-E0C6-4DB1-B692-56541CAEDB5A}
		{27A4932C-258D-48E6-8997-030407669CA0} = {7F457A71-E0C6-4DB1-B692-56541CAEDB5A}
		{2800EA3A-F862-4B4A-8886-AF224C3B7DE0} = {9081C1B9-4F7B-4855-A782-0246C52D6C17}
		{9081C1B9-4F7B-4855-A782-0246C52D6C17} = {7F457A71-E0C6-4DB1-B692-56541CAEDB5A}
		{9DD7E118-A48B-493B-9760-3FB70E57F29A} = {9081C1B9-4F7B-4855-A782-0246C52D6C17}
		{A617F9E1-30A5-43C1-9CE2-DCAAED8B505C} = {9081C1B9-4F7B-4855-A782-0246C52D6C17}
		{6F921BF0-D07F-4612-B789-D065AA2D4330} = {27A4932C-258D-48E6-8997-030407669CA0}
		{11B7FE9F-A16F-4FE8-BD25-F06162664352} = {39491A90-84A2-4E13-B867-CFC3D4592084}
		{F5F396F5-4A08-428D-9474-AE1A5DCB6F0D} = {0DD003CC-90E1-4938-98F0-8181949CD727}
		{2CE49266-E817-4A76-AF75-A6FEE03FB5A1} = {0DD003CC-90E1-4938-98F0-8181949CD727}
		{9642AE16-BCFA-4020-800C-AD6A469B89CE} = {BE48D1A2-CE10-4AEE-B370-ED8E373B082B}
		{39491A90-84A2-4E13-B867-CFC3D4592084} = {3E0CF81A-BA7A-4AAB-B46D-5AC8E22B0644}
		{BE48D1A2-CE10-4AEE-B370-ED8E373B082B} = {3E0CF81A-BA7A-4AAB-B46D-5AC8E22B0644}
		{301A0DD5-0300-4B6B-BEE7-65DB6604DD2F} = {ABFDBC40-BB23-4E19-80C8-8ACC96671B63}
		{A5D8E4BD-7204-4CF7-A323-F2F5A44659D9} = {ABFDBC40-BB23-4E19-80C8-8ACC96671B63}
		{60DE3EC7-9F53-4F9D-BE34-5C4FE3AB3D6C} = {ABFDBC40-BB23-4E19-80C8-8ACC96671B63}
		{4347EFDD-AFF0-4E2C-A59E-87E0D0A075FE} = {BCE4682E-1594-4DEF-BC23-35E8571FD002}
		{5FCF56BA-452C-4A83-AF45-5DA8A3ACB85E} = {BCE4682E-1594-4DEF-BC23-35E8571FD002}
		{A5B426B7-0F41-4555-A79B-882DADC78B9A} = {F7FAC6AD-62B0-4B79-98AA-DBD99F84E4E9}
		{2A130A8F-EF50-4668-A383-E72DA1BB0126} = {A5B426B7-0F41-4555-A79B-882DADC78B9A}
		{419CBCB3-1FDC-4974-9F92-0E8BFEA3A7D7} = {6A3AC822-52E8-4AE2-8F71-385DF0D69891}
		{6A3AC822-52E8-4AE2-8F71-385DF0D69891} = {F7FAC6AD-62B0-4B79-98AA-DBD99F84E4E9}
		{BCB98A08-8A05-41CA-B42F-9DBF3DB8D546} = {6A3AC822-52E8-4AE2-8F71-385DF0D69891}
		{7AF5B934-AEE9-4FD1-928D-AAE0F7098A32} = {0A84599D-2CE9-416E-888F-24652EEAB0B3}
		{4A7D8244-D6B2-4DD3-A0F3-1BF716FB1A0B} = {39491A90-84A2-4E13-B867-CFC3D4592084}
		{B694ED60-93A4-4362-BBCF-4EA04B6F4660} = {0A84599D-2CE9-416E-888F-24652EEAB0B3}
		{B9DAC732-68C2-41AA-96D0-79FEDF181711} = {3E0CF81A-BA7A-4AAB-B46D-5AC8E22B0644}
		{6F589BF3-221C-43AC-85A4-899599ABF6AC} = {0A84599D-2CE9-416E-888F-24652EEAB0B3}
		{D884098C-35B2-4ACF-AFDF-8C0C01684A0E} = {39491A90-84A2-4E13-B867-CFC3D4592084}
		{3B62F12D-1AC1-4617-BD49-21DFFD694E70} = {F7FAC6AD-62B0-4B79-98AA-DBD99F84E4E9}
		{2B3F5AED-24B3-4915-900E-EFC58414EA29} = {3B62F12D-1AC1-4617-BD49-21DFFD694E70}
		{476D4E11-9779-4922-AF57-9ADCF44ED4C7} = {3B62F12D-1AC1-4617-BD49-21DFFD694E70}
		{D020CB3F-DCB7-4A08-8D46-F2A60B564BE0} = {3B62F12D-1AC1-4617-BD49-21DFFD694E70}
		{C7A3CCD4-7675-488A-BE11-29F193B7107E} = {D020CB3F-DCB7-4A08-8D46-F2A60B564BE0}
		{F33650D8-B78F-4949-9FA0-1C5BB0BF0FDF} = {D020CB3F-DCB7-4A08-8D46-F2A60B564BE0}
		{F915E6AC-9C15-4EE8-873C-22BD9B92D0C8} = {D020CB3F-DCB7-4A08-8D46-F2A60B564BE0}
		{2E5B4757-24F6-415C-92FC-9E20B37214D9} = {D020CB3F-DCB7-4A08-8D46-F2A60B564BE0}
		{817F0C4C-B477-4111-A635-FB6695DB3974} = {476D4E11-9779-4922-AF57-9ADCF44ED4C7}
		{F53E3432-4AC0-4597-B8C2-55201301ADF3} = {476D4E11-9779-4922-AF57-9ADCF44ED4C7}
		{B384CB30-C505-4566-A040-C4BE5FC0C8C2} = {476D4E11-9779-4922-AF57-9ADCF44ED4C7}
		{2CA1BF31-F89B-4651-8939-C031ADA0619B} = {476D4E11-9779-4922-AF57-9ADCF44ED4C7}
		{FB537B39-0E7B-4C69-84AD-5B747F66C192} = {2B3F5AED-24B3-4915-900E-EFC58414EA29}
		{87D27844-3A62-431A-9B53-92AFC09A1C3C} = {2B3F5AED-24B3-4915-900E-EFC58414EA29}
		{AC65761B-5CF5-4F3E-AF60-41F977E8070D} = {2B3F5AED-24B3-4915-900E-EFC58414EA29}
		{80479131-FE55-473E-AE68-55601AD96668} = {2B3F5AED-24B3-4915-900E-EFC58414EA29}
		{D6786AC8-1DEE-46BF-98AD-5B0A8F2179A5} = {F8FA0032-82EF-4667-B626-5DED31CE327D}
		{3C3B889B-1463-4948-9BC8-610FCFB62DA6} = {0A84599D-2CE9-416E-888F-24652EEAB0B3}
		{7AF3BF8A-5C85-45DE-8AF5-14BA84D3EE9D} = {F8FA0032-82EF-4667-B626-5DED31CE327D}
		{1D442B6C-D322-4E9A-B4D9-AAFD8B7E88D4} = {0A84599D-2CE9-416E-888F-24652EEAB0B3}
		{C3F28797-9CC5-441B-A827-41D3381288D3} = {0A84599D-2CE9-416E-888F-24652EEAB0B3}
		{F8FA0032-82EF-4667-B626-5DED31CE327D} = {3E0CF81A-BA7A-4AAB-B46D-5AC8E22B0644}
	EndGlobalSection
	GlobalSection(ExtensibilityGlobals) = postSolution
		SolutionGuid = {BA14B07C-CA29-430D-A600-F37A050636D3}
	EndGlobalSection
EndGlobal
